
Microsoft Visual Studio Solution File, Format Version 12.00
# Visual Studio Version 16
VisualStudioVersion = 16.0.29613.14
MinimumVisualStudioVersion = 10.0.40219.1
Project("{8BC9CEB8-8B4A-11D0-8D11-00A0C91BC942}") = "GPA Calculator", "GPA Calculator\GPA Calculator.vcxproj", "{336A8B20-79E2-4117-BA77-80C61357548F}"
EndProject
Project("{8BC9CEB8-8B4A-11D0-8D11-00A0C91BC942}") = "Testing", "Testing\Testing.vcxproj", "{CCC834F1-A070-4DF5-9D00-FAC7F5D976C4}"
EndProject
Global
	GlobalSection(SolutionConfigurationPlatforms) = preSolution
		Debug|x64 = Debug|x64
		Debug|x86 = Debug|x86
		Release|x64 = Release|x64
		Release|x86 = Release|x86
	EndGlobalSection
	GlobalSection(ProjectConfigurationPlatforms) = postSolution
		{336A8B20-79E2-4117-BA77-80C61357548F}.Debug|x64.ActiveCfg = Debug|x64
		{336A8B20-79E2-4117-BA77-80C61357548F}.Debug|x64.Build.0 = Debug|x64
		{336A8B20-79E2-4117-BA77-80C61357548F}.Debug|x86.ActiveCfg = Debug|Win32
		{336A8B20-79E2-4117-BA77-80C61357548F}.Debug|x86.Build.0 = Debug|Win32
		{336A8B20-79E2-4117-BA77-80C61357548F}.Release|x64.ActiveCfg = Release|x64
		{336A8B20-79E2-4117-BA77-80C61357548F}.Release|x64.Build.0 = Release|x64
		{336A8B20-79E2-4117-BA77-80C61357548F}.Release|x86.ActiveCfg = Release|Win32
		{336A8B20-79E2-4117-BA77-80C61357548F}.Release|x86.Build.0 = Release|Win32
		{CCC834F1-A070-4DF5-9D00-FAC7F5D976C4}.Debug|x64.ActiveCfg = Debug|x64
		{CCC834F1-A070-4DF5-9D00-FAC7F5D976C4}.Debug|x64.Build.0 = Debug|x64
		{CCC834F1-A070-4DF5-9D00-FAC7F5D976C4}.Debug|x86.ActiveCfg = Debug|Win32
		{CCC834F1-A070-4DF5-9D00-FAC7F5D976C4}.Debug|x86.Build.0 = Debug|Win32
		{CCC834F1-A070-4DF5-9D00-FAC7F5D976C4}.Release|x64.ActiveCfg = Release|x64
		{CCC834F1-A070-4DF5-9D00-FAC7F5D976C4}.Release|x64.Build.0 = Release|x64
		{CCC834F1-A070-4DF5-9D00-FAC7F5D976C4}.Release|x86.ActiveCfg = Release|Win32
		{CCC834F1-A070-4DF5-9D00-FAC7F5D976C4}.Release|x86.Build.0 = Release|Win32
	EndGlobalSection
	GlobalSection(SolutionProperties) = preSolution
		HideSolutionNode = FALSE
	EndGlobalSection
	GlobalSection(ExtensibilityGlobals) = postSolution
		SolutionGuid = {CB73F7BB-4DA2-4AFD-B600-8B50531D9067}
	EndGlobalSection
EndGlobal
